// !$*UTF8*$!
{
	archiveVersion = 1;
	classes = {
	};
	objectVersion = 46;
	objects = {

/* Begin PBXBuildFile section */
		7417EE5D1D11A61D00B7895D /* AppDelegate.swift in Sources */ = {isa = PBXBuildFile; fileRef = 7417EE5C1D11A61D00B7895D /* AppDelegate.swift */; };
		7417EE621D11A61D00B7895D /* Main.storyboard in Resources */ = {isa = PBXBuildFile; fileRef = 7417EE601D11A61D00B7895D /* Main.storyboard */; };
		7417EE671D11A61D00B7895D /* Assets.xcassets in Resources */ = {isa = PBXBuildFile; fileRef = 7417EE661D11A61D00B7895D /* Assets.xcassets */; };
		7417EE6A1D11A61D00B7895D /* LaunchScreen.storyboard in Resources */ = {isa = PBXBuildFile; fileRef = 7417EE681D11A61D00B7895D /* LaunchScreen.storyboard */; };
		7417EE721D120CCA00B7895D /* MainViewController.swift in Sources */ = {isa = PBXBuildFile; fileRef = 7417EE711D120CCA00B7895D /* MainViewController.swift */; };
		7417EE741D120D3B00B7895D /* LevelTableViewCell.swift in Sources */ = {isa = PBXBuildFile; fileRef = 7417EE731D120D3B00B7895D /* LevelTableViewCell.swift */; };
		7417EE761D12D7F500B7895D /* QuestionViewController.swift in Sources */ = {isa = PBXBuildFile; fileRef = 7417EE751D12D7F500B7895D /* QuestionViewController.swift */; };
		7417EE781D12F90A00B7895D /* Util.swift in Sources */ = {isa = PBXBuildFile; fileRef = 7417EE771D12F90A00B7895D /* Util.swift */; };
		742F949F1D248EA8001EA2D5 /* MADocument.swift in Sources */ = {isa = PBXBuildFile; fileRef = 742F949E1D248EA8001EA2D5 /* MADocument.swift */; };
		745087621D194B4A007BF48C /* Realm.framework in Frameworks */ = {isa = PBXBuildFile; fileRef = 745087611D194B4A007BF48C /* Realm.framework */; };
		745087631D194B4A007BF48C /* Realm.framework in Embed Frameworks */ = {isa = PBXBuildFile; fileRef = 745087611D194B4A007BF48C /* Realm.framework */; settings = {ATTRIBUTES = (CodeSignOnCopy, RemoveHeadersOnCopy, ); }; };
		7450876C1D194DEF007BF48C /* MathAvengersTests.swift in Sources */ = {isa = PBXBuildFile; fileRef = 7450876B1D194DEF007BF48C /* MathAvengersTests.swift */; };
		745795881D20110300087BC7 /* ImportJSON.swift in Sources */ = {isa = PBXBuildFile; fileRef = 745795871D20110300087BC7 /* ImportJSON.swift */; };
		7460061E1D1837C10053D75B /* UIDesign.swift in Sources */ = {isa = PBXBuildFile; fileRef = 7460061D1D1837C10053D75B /* UIDesign.swift */; };
		7471FBDB1D17BB7C003A8CA0 /* SummaryViewController.swift in Sources */ = {isa = PBXBuildFile; fileRef = 7471FBDA1D17BB7C003A8CA0 /* SummaryViewController.swift */; };
		74EA85801D20D9110035A050 /* TB_LEVEL.json in CopyFiles */ = {isa = PBXBuildFile; fileRef = 74EA857D1D20961D0035A050 /* TB_LEVEL.json */; };
		74FD38921D198451000CB816 /* Realms.swift in Sources */ = {isa = PBXBuildFile; fileRef = 74FD38911D198451000CB816 /* Realms.swift */; };
		74FD38941D19851A000CB816 /* RealmSwift.framework in Frameworks */ = {isa = PBXBuildFile; fileRef = 74FD38931D19851A000CB816 /* RealmSwift.framework */; };
		74FD38951D19851A000CB816 /* RealmSwift.framework in Embed Frameworks */ = {isa = PBXBuildFile; fileRef = 74FD38931D19851A000CB816 /* RealmSwift.framework */; settings = {ATTRIBUTES = (CodeSignOnCopy, RemoveHeadersOnCopy, ); }; };
		74FD38981D1A0AF6000CB816 /* ShowLogViewController.swift in Sources */ = {isa = PBXBuildFile; fileRef = 74FD38971D1A0AF6000CB816 /* ShowLogViewController.swift */; };
/* End PBXBuildFile section */

/* Begin PBXContainerItemProxy section */
		7450876E1D194DEF007BF48C /* PBXContainerItemProxy */ = {
			isa = PBXContainerItemProxy;
			containerPortal = 7417EE511D11A61D00B7895D /* Project object */;
			proxyType = 1;
			remoteGlobalIDString = 7417EE581D11A61D00B7895D;
			remoteInfo = MathAvengers;
		};
/* End PBXContainerItemProxy section */

/* Begin PBXCopyFilesBuildPhase section */
		745087641D194B4B007BF48C /* Embed Frameworks */ = {
			isa = PBXCopyFilesBuildPhase;
			buildActionMask = 2147483647;
			dstPath = "";
			dstSubfolderSpec = 10;
			files = (
				74FD38951D19851A000CB816 /* RealmSwift.framework in Embed Frameworks */,
				745087631D194B4A007BF48C /* Realm.framework in Embed Frameworks */,
			);
			name = "Embed Frameworks";
			runOnlyForDeploymentPostprocessing = 0;
		};
		74EA857F1D20D8FE0035A050 /* CopyFiles */ = {
			isa = PBXCopyFilesBuildPhase;
			buildActionMask = 12;
			dstPath = "";
			dstSubfolderSpec = 7;
			files = (
				74EA85801D20D9110035A050 /* TB_LEVEL.json in CopyFiles */,
			);
			runOnlyForDeploymentPostprocessing = 0;
		};
/* End PBXCopyFilesBuildPhase section */

/* Begin PBXFileReference section */
		7417EE591D11A61D00B7895D /* MathAvengers.app */ = {isa = PBXFileReference; explicitFileType = wrapper.application; includeInIndex = 0; path = MathAvengers.app; sourceTree = BUILT_PRODUCTS_DIR; };
		7417EE5C1D11A61D00B7895D /* AppDelegate.swift */ = {isa = PBXFileReference; lastKnownFileType = sourcecode.swift; path = AppDelegate.swift; sourceTree = "<group>"; };
		7417EE611D11A61D00B7895D /* Base */ = {isa = PBXFileReference; lastKnownFileType = file.storyboard; name = Base; path = Base.lproj/Main.storyboard; sourceTree = "<group>"; };
		7417EE661D11A61D00B7895D /* Assets.xcassets */ = {isa = PBXFileReference; lastKnownFileType = folder.assetcatalog; path = Assets.xcassets; sourceTree = "<group>"; };
		7417EE691D11A61D00B7895D /* Base */ = {isa = PBXFileReference; lastKnownFileType = file.storyboard; name = Base; path = Base.lproj/LaunchScreen.storyboard; sourceTree = "<group>"; };
		7417EE6B1D11A61D00B7895D /* Info.plist */ = {isa = PBXFileReference; lastKnownFileType = text.plist.xml; path = Info.plist; sourceTree = "<group>"; };
		7417EE711D120CCA00B7895D /* MainViewController.swift */ = {isa = PBXFileReference; fileEncoding = 4; lastKnownFileType = sourcecode.swift; path = MainViewController.swift; sourceTree = "<group>"; };
		7417EE731D120D3B00B7895D /* LevelTableViewCell.swift */ = {isa = PBXFileReference; fileEncoding = 4; lastKnownFileType = sourcecode.swift; path = LevelTableViewCell.swift; sourceTree = "<group>"; };
		7417EE751D12D7F500B7895D /* QuestionViewController.swift */ = {isa = PBXFileReference; fileEncoding = 4; lastKnownFileType = sourcecode.swift; path = QuestionViewController.swift; sourceTree = "<group>"; };
		7417EE771D12F90A00B7895D /* Util.swift */ = {isa = PBXFileReference; fileEncoding = 4; lastKnownFileType = sourcecode.swift; path = Util.swift; sourceTree = "<group>"; };
		742F949E1D248EA8001EA2D5 /* MADocument.swift */ = {isa = PBXFileReference; fileEncoding = 4; lastKnownFileType = sourcecode.swift; path = MADocument.swift; sourceTree = "<group>"; };
		742F94A01D24C367001EA2D5 /* MathAvengers.entitlements */ = {isa = PBXFileReference; lastKnownFileType = text.xml; path = MathAvengers.entitlements; sourceTree = "<group>"; };
		745087611D194B4A007BF48C /* Realm.framework */ = {isa = PBXFileReference; lastKnownFileType = wrapper.framework; path = Realm.framework; sourceTree = "<group>"; };
		745087691D194DEF007BF48C /* MathAvengersTests.xctest */ = {isa = PBXFileReference; explicitFileType = wrapper.cfbundle; includeInIndex = 0; path = MathAvengersTests.xctest; sourceTree = BUILT_PRODUCTS_DIR; };
		7450876B1D194DEF007BF48C /* MathAvengersTests.swift */ = {isa = PBXFileReference; lastKnownFileType = sourcecode.swift; path = MathAvengersTests.swift; sourceTree = "<group>"; };
		7450876D1D194DEF007BF48C /* Info.plist */ = {isa = PBXFileReference; lastKnownFileType = text.plist.xml; path = Info.plist; sourceTree = "<group>"; };
		745795871D20110300087BC7 /* ImportJSON.swift */ = {isa = PBXFileReference; fileEncoding = 4; lastKnownFileType = sourcecode.swift; path = ImportJSON.swift; sourceTree = "<group>"; };
		7460061D1D1837C10053D75B /* UIDesign.swift */ = {isa = PBXFileReference; fileEncoding = 4; lastKnownFileType = sourcecode.swift; path = UIDesign.swift; sourceTree = "<group>"; };
		7471FBDA1D17BB7C003A8CA0 /* SummaryViewController.swift */ = {isa = PBXFileReference; fileEncoding = 4; lastKnownFileType = sourcecode.swift; path = SummaryViewController.swift; sourceTree = "<group>"; };
		74EA857D1D20961D0035A050 /* TB_LEVEL.json */ = {isa = PBXFileReference; fileEncoding = 4; lastKnownFileType = text.json; path = TB_LEVEL.json; sourceTree = "<group>"; };
		74FD38911D198451000CB816 /* Realms.swift */ = {isa = PBXFileReference; fileEncoding = 4; lastKnownFileType = sourcecode.swift; path = Realms.swift; sourceTree = "<group>"; };
		74FD38931D19851A000CB816 /* RealmSwift.framework */ = {isa = PBXFileReference; lastKnownFileType = wrapper.framework; path = RealmSwift.framework; sourceTree = "<group>"; };
		74FD38971D1A0AF6000CB816 /* ShowLogViewController.swift */ = {isa = PBXFileReference; fileEncoding = 4; lastKnownFileType = sourcecode.swift; path = ShowLogViewController.swift; sourceTree = "<group>"; };
/* End PBXFileReference section */

/* Begin PBXFrameworksBuildPhase section */
		7417EE561D11A61D00B7895D /* Frameworks */ = {
			isa = PBXFrameworksBuildPhase;
			buildActionMask = 2147483647;
			files = (
				74FD38941D19851A000CB816 /* RealmSwift.framework in Frameworks */,
				745087621D194B4A007BF48C /* Realm.framework in Frameworks */,
			);
			runOnlyForDeploymentPostprocessing = 0;
		};
		745087661D194DEF007BF48C /* Frameworks */ = {
			isa = PBXFrameworksBuildPhase;
			buildActionMask = 2147483647;
			files = (
			);
			runOnlyForDeploymentPostprocessing = 0;
		};
/* End PBXFrameworksBuildPhase section */

/* Begin PBXGroup section */
		7417EE501D11A61D00B7895D = {
			isa = PBXGroup;
			children = (
				74FD38931D19851A000CB816 /* RealmSwift.framework */,
				745087611D194B4A007BF48C /* Realm.framework */,
				7417EE5B1D11A61D00B7895D /* MathAvengers */,
				7450876A1D194DEF007BF48C /* MathAvengersTests */,
				7417EE5A1D11A61D00B7895D /* Products */,
			);
			sourceTree = "<group>";
		};
		7417EE5A1D11A61D00B7895D /* Products */ = {
			isa = PBXGroup;
			children = (
				7417EE591D11A61D00B7895D /* MathAvengers.app */,
				745087691D194DEF007BF48C /* MathAvengersTests.xctest */,
			);
			name = Products;
			sourceTree = "<group>";
		};
		7417EE5B1D11A61D00B7895D /* MathAvengers */ = {
			isa = PBXGroup;
			children = (
				742F94A01D24C367001EA2D5 /* MathAvengers.entitlements */,
				7417EE5C1D11A61D00B7895D /* AppDelegate.swift */,
				7417EE601D11A61D00B7895D /* Main.storyboard */,
				7417EE661D11A61D00B7895D /* Assets.xcassets */,
				7417EE681D11A61D00B7895D /* LaunchScreen.storyboard */,
				7417EE6B1D11A61D00B7895D /* Info.plist */,
				7417EE711D120CCA00B7895D /* MainViewController.swift */,
				7417EE731D120D3B00B7895D /* LevelTableViewCell.swift */,
				7417EE751D12D7F500B7895D /* QuestionViewController.swift */,
				7417EE771D12F90A00B7895D /* Util.swift */,
				7471FBDA1D17BB7C003A8CA0 /* SummaryViewController.swift */,
				7460061D1D1837C10053D75B /* UIDesign.swift */,
				74FD38911D198451000CB816 /* Realms.swift */,
				74FD38971D1A0AF6000CB816 /* ShowLogViewController.swift */,
				745795871D20110300087BC7 /* ImportJSON.swift */,
				74EA857D1D20961D0035A050 /* TB_LEVEL.json */,
				742F949E1D248EA8001EA2D5 /* MADocument.swift */,
			);
			path = MathAvengers;
			sourceTree = "<group>";
		};
		7450876A1D194DEF007BF48C /* MathAvengersTests */ = {
			isa = PBXGroup;
			children = (
				7450876B1D194DEF007BF48C /* MathAvengersTests.swift */,
				7450876D1D194DEF007BF48C /* Info.plist */,
			);
			path = MathAvengersTests;
			sourceTree = "<group>";
		};
/* End PBXGroup section */

/* Begin PBXNativeTarget section */
		7417EE581D11A61D00B7895D /* MathAvengers */ = {
			isa = PBXNativeTarget;
			buildConfigurationList = 7417EE6E1D11A61D00B7895D /* Build configuration list for PBXNativeTarget "MathAvengers" */;
			buildPhases = (
				7417EE551D11A61D00B7895D /* Sources */,
				7417EE561D11A61D00B7895D /* Frameworks */,
				7417EE571D11A61D00B7895D /* Resources */,
				745087641D194B4B007BF48C /* Embed Frameworks */,
				745087731D1950BD007BF48C /* ShellScript */,
				74EA857F1D20D8FE0035A050 /* CopyFiles */,
			);
			buildRules = (
			);
			dependencies = (
			);
			name = MathAvengers;
			productName = MathAvengers;
			productReference = 7417EE591D11A61D00B7895D /* MathAvengers.app */;
			productType = "com.apple.product-type.application";
		};
		745087681D194DEF007BF48C /* MathAvengersTests */ = {
			isa = PBXNativeTarget;
			buildConfigurationList = 745087701D194DEF007BF48C /* Build configuration list for PBXNativeTarget "MathAvengersTests" */;
			buildPhases = (
				745087651D194DEF007BF48C /* Sources */,
				745087661D194DEF007BF48C /* Frameworks */,
				745087671D194DEF007BF48C /* Resources */,
			);
			buildRules = (
			);
			dependencies = (
				7450876F1D194DEF007BF48C /* PBXTargetDependency */,
			);
			name = MathAvengersTests;
			productName = MathAvengersTests;
			productReference = 745087691D194DEF007BF48C /* MathAvengersTests.xctest */;
			productType = "com.apple.product-type.bundle.unit-test";
		};
/* End PBXNativeTarget section */

/* Begin PBXProject section */
		7417EE511D11A61D00B7895D /* Project object */ = {
			isa = PBXProject;
			attributes = {
				LastSwiftUpdateCheck = 0730;
				LastUpgradeCheck = 0730;
				ORGANIZATIONNAME = SeoDongHee;
				TargetAttributes = {
					7417EE581D11A61D00B7895D = {
						CreatedOnToolsVersion = 7.3.1;
						DevelopmentTeam = E65WZVUWNG;
						SystemCapabilities = {
							com.apple.iCloud = {
								enabled = 1;
							};
						};
					};
					745087681D194DEF007BF48C = {
						CreatedOnToolsVersion = 7.3.1;
						TestTargetID = 7417EE581D11A61D00B7895D;
					};
				};
			};
			buildConfigurationList = 7417EE541D11A61D00B7895D /* Build configuration list for PBXProject "MathAvengers" */;
			compatibilityVersion = "Xcode 3.2";
			developmentRegion = English;
			hasScannedForEncodings = 0;
			knownRegions = (
				en,
				Base,
			);
			mainGroup = 7417EE501D11A61D00B7895D;
			productRefGroup = 7417EE5A1D11A61D00B7895D /* Products */;
			projectDirPath = "";
			projectRoot = "";
			targets = (
				7417EE581D11A61D00B7895D /* MathAvengers */,
				745087681D194DEF007BF48C /* MathAvengersTests */,
			);
		};
/* End PBXProject section */

/* Begin PBXResourcesBuildPhase section */
		7417EE571D11A61D00B7895D /* Resources */ = {
			isa = PBXResourcesBuildPhase;
			buildActionMask = 2147483647;
			files = (
				7417EE6A1D11A61D00B7895D /* LaunchScreen.storyboard in Resources */,
				7417EE671D11A61D00B7895D /* Assets.xcassets in Resources */,
				7417EE621D11A61D00B7895D /* Main.storyboard in Resources */,
			);
			runOnlyForDeploymentPostprocessing = 0;
		};
		745087671D194DEF007BF48C /* Resources */ = {
			isa = PBXResourcesBuildPhase;
			buildActionMask = 2147483647;
			files = (
			);
			runOnlyForDeploymentPostprocessing = 0;
		};
/* End PBXResourcesBuildPhase section */

/* Begin PBXShellScriptBuildPhase section */
		745087731D1950BD007BF48C /* ShellScript */ = {
			isa = PBXShellScriptBuildPhase;
			buildActionMask = 2147483647;
			files = (
			);
			inputPaths = (
			);
			outputPaths = (
			);
			runOnlyForDeploymentPostprocessing = 0;
			shellPath = /bin/sh;
			shellScript = "bash \"${BUILT_PRODUCTS_DIR}/${FRAMEWORKS_FOLDER_PATH}/Realm.framework/strip-frameworks.sh\"";
		};
/* End PBXShellScriptBuildPhase section */

/* Begin PBXSourcesBuildPhase section */
		7417EE551D11A61D00B7895D /* Sources */ = {
			isa = PBXSourcesBuildPhase;
			buildActionMask = 2147483647;
			files = (
				7417EE721D120CCA00B7895D /* MainViewController.swift in Sources */,
				74FD38921D198451000CB816 /* Realms.swift in Sources */,
				7460061E1D1837C10053D75B /* UIDesign.swift in Sources */,
				7417EE781D12F90A00B7895D /* Util.swift in Sources */,
				7417EE761D12D7F500B7895D /* QuestionViewController.swift in Sources */,
				7417EE741D120D3B00B7895D /* LevelTableViewCell.swift in Sources */,
				742F949F1D248EA8001EA2D5 /* MADocument.swift in Sources */,
				74FD38981D1A0AF6000CB816 /* ShowLogViewController.swift in Sources */,
				7471FBDB1D17BB7C003A8CA0 /* SummaryViewController.swift in Sources */,
				745795881D20110300087BC7 /* ImportJSON.swift in Sources */,
				7417EE5D1D11A61D00B7895D /* AppDelegate.swift in Sources */,
			);
			runOnlyForDeploymentPostprocessing = 0;
		};
		745087651D194DEF007BF48C /* Sources */ = {
			isa = PBXSourcesBuildPhase;
			buildActionMask = 2147483647;
			files = (
				7450876C1D194DEF007BF48C /* MathAvengersTests.swift in Sources */,
			);
			runOnlyForDeploymentPostprocessing = 0;
		};
/* End PBXSourcesBuildPhase section */

/* Begin PBXTargetDependency section */
		7450876F1D194DEF007BF48C /* PBXTargetDependency */ = {
			isa = PBXTargetDependency;
			target = 7417EE581D11A61D00B7895D /* MathAvengers */;
			targetProxy = 7450876E1D194DEF007BF48C /* PBXContainerItemProxy */;
		};
/* End PBXTargetDependency section */

/* Begin PBXVariantGroup section */
		7417EE601D11A61D00B7895D /* Main.storyboard */ = {
			isa = PBXVariantGroup;
			children = (
				7417EE611D11A61D00B7895D /* Base */,
			);
			name = Main.storyboard;
			sourceTree = "<group>";
		};
		7417EE681D11A61D00B7895D /* LaunchScreen.storyboard */ = {
			isa = PBXVariantGroup;
			children = (
				7417EE691D11A61D00B7895D /* Base */,
			);
			name = LaunchScreen.storyboard;
			sourceTree = "<group>";
		};
/* End PBXVariantGroup section */

/* Begin XCBuildConfiguration section */
		7417EE6C1D11A61D00B7895D /* Debug */ = {
			isa = XCBuildConfiguration;
			buildSettings = {
				ALWAYS_SEARCH_USER_PATHS = NO;
				CLANG_ANALYZER_NONNULL = YES;
				CLANG_CXX_LANGUAGE_STANDARD = "gnu++0x";
				CLANG_CXX_LIBRARY = "libc++";
				CLANG_ENABLE_MODULES = YES;
				CLANG_ENABLE_OBJC_ARC = YES;
				CLANG_WARN_BOOL_CONVERSION = YES;
				CLANG_WARN_CONSTANT_CONVERSION = YES;
				CLANG_WARN_DIRECT_OBJC_ISA_USAGE = YES_ERROR;
				CLANG_WARN_EMPTY_BODY = YES;
				CLANG_WARN_ENUM_CONVERSION = YES;
				CLANG_WARN_INT_CONVERSION = YES;
				CLANG_WARN_OBJC_ROOT_CLASS = YES_ERROR;
				CLANG_WARN_UNREACHABLE_CODE = YES;
				CLANG_WARN__DUPLICATE_METHOD_MATCH = YES;
				"CODE_SIGN_IDENTITY[sdk=iphoneos*]" = "iPhone Developer";
				COPY_PHASE_STRIP = NO;
				DEBUG_INFORMATION_FORMAT = dwarf;
				ENABLE_STRICT_OBJC_MSGSEND = YES;
				ENABLE_TESTABILITY = YES;
				GCC_C_LANGUAGE_STANDARD = gnu99;
				GCC_DYNAMIC_NO_PIC = NO;
				GCC_NO_COMMON_BLOCKS = YES;
				GCC_OPTIMIZATION_LEVEL = 0;
				GCC_PREPROCESSOR_DEFINITIONS = (
					"DEBUG=1",
					"$(inherited)",
				);
				GCC_WARN_64_TO_32_BIT_CONVERSION = YES;
				GCC_WARN_ABOUT_RETURN_TYPE = YES_ERROR;
				GCC_WARN_UNDECLARED_SELECTOR = YES;
				GCC_WARN_UNINITIALIZED_AUTOS = YES_AGGRESSIVE;
				GCC_WARN_UNUSED_FUNCTION = YES;
				GCC_WARN_UNUSED_VARIABLE = YES;
				IPHONEOS_DEPLOYMENT_TARGET = 9.3;
				MTL_ENABLE_DEBUG_INFO = YES;
				ONLY_ACTIVE_ARCH = YES;
				SDKROOT = iphoneos;
				SWIFT_OPTIMIZATION_LEVEL = "-Onone";
				TARGETED_DEVICE_FAMILY = "1,2";
			};
			name = Debug;
		};
		7417EE6D1D11A61D00B7895D /* Release */ = {
			isa = XCBuildConfiguration;
			buildSettings = {
				ALWAYS_SEARCH_USER_PATHS = NO;
				CLANG_ANALYZER_NONNULL = YES;
				CLANG_CXX_LANGUAGE_STANDARD = "gnu++0x";
				CLANG_CXX_LIBRARY = "libc++";
				CLANG_ENABLE_MODULES = YES;
				CLANG_ENABLE_OBJC_ARC = YES;
				CLANG_WARN_BOOL_CONVERSION = YES;
				CLANG_WARN_CONSTANT_CONVERSION = YES;
				CLANG_WARN_DIRECT_OBJC_ISA_USAGE = YES_ERROR;
				CLANG_WARN_EMPTY_BODY = YES;
				CLANG_WARN_ENUM_CONVERSION = YES;
				CLANG_WARN_INT_CONVERSION = YES;
				CLANG_WARN_OBJC_ROOT_CLASS = YES_ERROR;
				CLANG_WARN_UNREACHABLE_CODE = YES;
				CLANG_WARN__DUPLICATE_METHOD_MATCH = YES;
				"CODE_SIGN_IDENTITY[sdk=iphoneos*]" = "iPhone Developer";
				COPY_PHASE_STRIP = NO;
				DEBUG_INFORMATION_FORMAT = "dwarf-with-dsym";
				ENABLE_NS_ASSERTIONS = NO;
				ENABLE_STRICT_OBJC_MSGSEND = YES;
				GCC_C_LANGUAGE_STANDARD = gnu99;
				GCC_NO_COMMON_BLOCKS = YES;
				GCC_WARN_64_TO_32_BIT_CONVERSION = YES;
				GCC_WARN_ABOUT_RETURN_TYPE = YES_ERROR;
				GCC_WARN_UNDECLARED_SELECTOR = YES;
				GCC_WARN_UNINITIALIZED_AUTOS = YES_AGGRESSIVE;
				GCC_WARN_UNUSED_FUNCTION = YES;
				GCC_WARN_UNUSED_VARIABLE = YES;
				IPHONEOS_DEPLOYMENT_TARGET = 9.3;
				MTL_ENABLE_DEBUG_INFO = NO;
				SDKROOT = iphoneos;
				TARGETED_DEVICE_FAMILY = "1,2";
				VALIDATE_PRODUCT = YES;
			};
			name = Release;
		};
		7417EE6F1D11A61D00B7895D /* Debug */ = {
			isa = XCBuildConfiguration;
			buildSettings = {
				ASSETCATALOG_COMPILER_APPICON_NAME = AppIcon;
				CODE_SIGN_ENTITLEMENTS = MathAvengers/MathAvengers.entitlements;
				CODE_SIGN_IDENTITY = "iPhone Developer";
				"CODE_SIGN_IDENTITY[sdk=iphoneos*]" = "iPhone Developer";
				FRAMEWORK_SEARCH_PATHS = (
					"$(inherited)",
					"$(PROJECT_DIR)",
				);
				INFOPLIST_FILE = MathAvengers/Info.plist;
				LD_RUNPATH_SEARCH_PATHS = "$(inherited) @executable_path/Frameworks";
				PRODUCT_BUNDLE_IDENTIFIER = com.songahbie.MathAvengers;
				PRODUCT_NAME = "$(TARGET_NAME)";
				PROVISIONING_PROFILE = "";
			};
			name = Debug;
		};
		7417EE701D11A61D00B7895D /* Release */ = {
			isa = XCBuildConfiguration;
			buildSettings = {
				ASSETCATALOG_COMPILER_APPICON_NAME = AppIcon;
				CODE_SIGN_ENTITLEMENTS = MathAvengers/MathAvengers.entitlements;
				CODE_SIGN_IDENTITY = "iPhone Developer";
				"CODE_SIGN_IDENTITY[sdk=iphoneos*]" = "iPhone Developer";
				FRAMEWORK_SEARCH_PATHS = (
					"$(inherited)",
					"$(PROJECT_DIR)",
				);
				INFOPLIST_FILE = MathAvengers/Info.plist;
				LD_RUNPATH_SEARCH_PATHS = "$(inherited) @executable_path/Frameworks";
				PRODUCT_BUNDLE_IDENTIFIER = com.songahbie.MathAvengers;
				PRODUCT_NAME = "$(TARGET_NAME)";
				PROVISIONING_PROFILE = "";
			};
			name = Release;
		};
		745087711D194DEF007BF48C /* Debug */ = {
			isa = XCBuildConfiguration;
			buildSettings = {
				BUNDLE_LOADER = "$(TEST_HOST)";
				FRAMEWORK_SEARCH_PATHS = "/Users/seoddong/Documents/Swift/projects/realm-swift-1.0.1/ios/swift-2.2";
				INFOPLIST_FILE = MathAvengersTests/Info.plist;
				LD_RUNPATH_SEARCH_PATHS = "$(inherited) @executable_path/Frameworks @loader_path/Frameworks";
				PRODUCT_BUNDLE_IDENTIFIER = com.songahbie.MathAvengersTests;
				PRODUCT_NAME = "$(TARGET_NAME)";
				TEST_HOST = "$(BUILT_PRODUCTS_DIR)/MathAvengers.app/MathAvengers";
			};
			name = Debug;
		};
		745087721D194DEF007BF48C /* Release */ = {
			isa = XCBuildConfiguration;
			buildSettings = {
				BUNDLE_LOADER = "$(TEST_HOST)";
				FRAMEWORK_SEARCH_PATHS = "/Users/seoddong/Documents/Swift/projects/realm-swift-1.0.1/ios/swift-2.2";
				INFOPLIST_FILE = MathAvengersTests/Info.plist;
				LD_RUNPATH_SEARCH_PATHS = "$(inherited) @executable_path/Frameworks @loader_path/Frameworks";
				PRODUCT_BUNDLE_IDENTIFIER = com.songahbie.MathAvengersTests;
				PRODUCT_NAME = "$(TARGET_NAME)";
				TEST_HOST = "$(BUILT_PRODUCTS_DIR)/MathAvengers.app/MathAvengers";
			};
			name = Release;
		};
/* End XCBuildConfiguration section */

/* Begin XCConfigurationList section */
		7417EE541D11A61D00B7895D /* Build configuration list for PBXProject "MathAvengers" */ = {
			isa = XCConfigurationList;
			buildConfigurations = (
				7417EE6C1D11A61D00B7895D /* Debug */,
				7417EE6D1D11A61D00B7895D /* Release */,
			);
			defaultConfigurationIsVisible = 0;
			defaultConfigurationName = Release;
		};
		7417EE6E1D11A61D00B7895D /* Build configuration list for PBXNativeTarget "MathAvengers" */ = {
			isa = XCConfigurationList;
			buildConfigurations = (
				7417EE6F1D11A61D00B7895D /* Debug */,
				7417EE701D11A61D00B7895D /* Release */,
			);
			defaultConfigurationIsVisible = 0;
			defaultConfigurationName = Release;
		};
		745087701D194DEF007BF48C /* Build configuration list for PBXNativeTarget "MathAvengersTests" */ = {
			isa = XCConfigurationList;
			buildConfigurations = (
				745087711D194DEF007BF48C /* Debug */,
				745087721D194DEF007BF48C /* Release */,
			);
			defaultConfigurationIsVisible = 0;
			defaultConfigurationName = Release;
		};
/* End XCConfigurationList section */
	};
	rootObject = 7417EE511D11A61D00B7895D /* Project object */;
}
