// !$*UTF8*$!
{
	archiveVersion = 1;
	classes = {
	};
	objectVersion = 46;
	objects = {

/* Begin PBXBuildFile section */
		7417EE5D1D11A61D00B7895D /* AppDelegate.swift in Sources */ = {isa = PBXBuildFile; fileRef = 7417EE5C1D11A61D00B7895D /* AppDelegate.swift */; };
		7417EE621D11A61D00B7895D /* Main.storyboard in Resources */ = {isa = PBXBuildFile; fileRef = 7417EE601D11A61D00B7895D /* Main.storyboard */; };
		7417EE651D11A61D00B7895D /* MathAvengers.xcdatamodeld in Sources */ = {isa = PBXBuildFile; fileRef = 7417EE631D11A61D00B7895D /* MathAvengers.xcdatamodeld */; };
		7417EE671D11A61D00B7895D /* Assets.xcassets in Resources */ = {isa = PBXBuildFile; fileRef = 7417EE661D11A61D00B7895D /* Assets.xcassets */; };
		7417EE6A1D11A61D00B7895D /* LaunchScreen.storyboard in Resources */ = {isa = PBXBuildFile; fileRef = 7417EE681D11A61D00B7895D /* LaunchScreen.storyboard */; };
		7417EE721D120CCA00B7895D /* MainViewController.swift in Sources */ = {isa = PBXBuildFile; fileRef = 7417EE711D120CCA00B7895D /* MainViewController.swift */; };
		7417EE741D120D3B00B7895D /* LevelTableViewCell.swift in Sources */ = {isa = PBXBuildFile; fileRef = 7417EE731D120D3B00B7895D /* LevelTableViewCell.swift */; };
		7417EE761D12D7F500B7895D /* QuestionViewController.swift in Sources */ = {isa = PBXBuildFile; fileRef = 7417EE751D12D7F500B7895D /* QuestionViewController.swift */; };
		7417EE781D12F90A00B7895D /* Util.swift in Sources */ = {isa = PBXBuildFile; fileRef = 7417EE771D12F90A00B7895D /* Util.swift */; };
/* End PBXBuildFile section */

/* Begin PBXFileReference section */
		7417EE591D11A61D00B7895D /* MathAvengers.app */ = {isa = PBXFileReference; explicitFileType = wrapper.application; includeInIndex = 0; path = MathAvengers.app; sourceTree = BUILT_PRODUCTS_DIR; };
		7417EE5C1D11A61D00B7895D /* AppDelegate.swift */ = {isa = PBXFileReference; lastKnownFileType = sourcecode.swift; path = AppDelegate.swift; sourceTree = "<group>"; };
		7417EE611D11A61D00B7895D /* Base */ = {isa = PBXFileReference; lastKnownFileType = file.storyboard; name = Base; path = Base.lproj/Main.storyboard; sourceTree = "<group>"; };
		7417EE641D11A61D00B7895D /* MathAvengers.xcdatamodel */ = {isa = PBXFileReference; lastKnownFileType = wrapper.xcdatamodel; path = MathAvengers.xcdatamodel; sourceTree = "<group>"; };
		7417EE661D11A61D00B7895D /* Assets.xcassets */ = {isa = PBXFileReference; lastKnownFileType = folder.assetcatalog; path = Assets.xcassets; sourceTree = "<group>"; };
		7417EE691D11A61D00B7895D /* Base */ = {isa = PBXFileReference; lastKnownFileType = file.storyboard; name = Base; path = Base.lproj/LaunchScreen.storyboard; sourceTree = "<group>"; };
		7417EE6B1D11A61D00B7895D /* Info.plist */ = {isa = PBXFileReference; lastKnownFileType = text.plist.xml; path = Info.plist; sourceTree = "<group>"; };
		7417EE711D120CCA00B7895D /* MainViewController.swift */ = {isa = PBXFileReference; fileEncoding = 4; lastKnownFileType = sourcecode.swift; path = MainViewController.swift; sourceTree = "<group>"; };
		7417EE731D120D3B00B7895D /* LevelTableViewCell.swift */ = {isa = PBXFileReference; fileEncoding = 4; lastKnownFileType = sourcecode.swift; path = LevelTableViewCell.swift; sourceTree = "<group>"; };
		7417EE751D12D7F500B7895D /* QuestionViewController.swift */ = {isa = PBXFileReference; fileEncoding = 4; lastKnownFileType = sourcecode.swift; path = QuestionViewController.swift; sourceTree = "<group>"; };
		7417EE771D12F90A00B7895D /* Util.swift */ = {isa = PBXFileReference; fileEncoding = 4; lastKnownFileType = sourcecode.swift; path = Util.swift; sourceTree = "<group>"; };
/* End PBXFileReference section */

/* Begin PBXFrameworksBuildPhase section */
		7417EE561D11A61D00B7895D /* Frameworks */ = {
			isa = PBXFrameworksBuildPhase;
			buildActionMask = 2147483647;
			files = (
			);
			runOnlyForDeploymentPostprocessing = 0;
		};
/* End PBXFrameworksBuildPhase section */

/* Begin PBXGroup section */
		7417EE501D11A61D00B7895D = {
			isa = PBXGroup;
			children = (
				7417EE5B1D11A61D00B7895D /* MathAvengers */,
				7417EE5A1D11A61D00B7895D /* Products */,
			);
			sourceTree = "<group>";
		};
		7417EE5A1D11A61D00B7895D /* Products */ = {
			isa = PBXGroup;
			children = (
				7417EE591D11A61D00B7895D /* MathAvengers.app */,
			);
			name = Products;
			sourceTree = "<group>";
		};
		7417EE5B1D11A61D00B7895D /* MathAvengers */ = {
			isa = PBXGroup;
			children = (
				7417EE5C1D11A61D00B7895D /* AppDelegate.swift */,
				7417EE601D11A61D00B7895D /* Main.storyboard */,
				7417EE661D11A61D00B7895D /* Assets.xcassets */,
				7417EE681D11A61D00B7895D /* LaunchScreen.storyboard */,
				7417EE6B1D11A61D00B7895D /* Info.plist */,
				7417EE631D11A61D00B7895D /* MathAvengers.xcdatamodeld */,
				7417EE711D120CCA00B7895D /* MainViewController.swift */,
				7417EE731D120D3B00B7895D /* LevelTableViewCell.swift */,
				7417EE751D12D7F500B7895D /* QuestionViewController.swift */,
				7417EE771D12F90A00B7895D /* Util.swift */,
			);
			path = MathAvengers;
			sourceTree = "<group>";
		};
/* End PBXGroup section */

/* Begin PBXNativeTarget section */
		7417EE581D11A61D00B7895D /* MathAvengers */ = {
			isa = PBXNativeTarget;
			buildConfigurationList = 7417EE6E1D11A61D00B7895D /* Build configuration list for PBXNativeTarget "MathAvengers" */;
			buildPhases = (
				7417EE551D11A61D00B7895D /* Sources */,
				7417EE561D11A61D00B7895D /* Frameworks */,
				7417EE571D11A61D00B7895D /* Resources */,
			);
			buildRules = (
			);
			dependencies = (
			);
			name = MathAvengers;
			productName = MathAvengers;
			productReference = 7417EE591D11A61D00B7895D /* MathAvengers.app */;
			productType = "com.apple.product-type.application";
		};
/* End PBXNativeTarget section */

/* Begin PBXProject section */
		7417EE511D11A61D00B7895D /* Project object */ = {
			isa = PBXProject;
			attributes = {
				LastSwiftUpdateCheck = 0730;
				LastUpgradeCheck = 0730;
				ORGANIZATIONNAME = SeoDongHee;
				TargetAttributes = {
					7417EE581D11A61D00B7895D = {
						CreatedOnToolsVersion = 7.3.1;
					};
				};
			};
			buildConfigurationList = 7417EE541D11A61D00B7895D /* Build configuration list for PBXProject "MathAvengers" */;
			compatibilityVersion = "Xcode 3.2";
			developmentRegion = English;
			hasScannedForEncodings = 0;
			knownRegions = (
				en,
				Base,
			);
			mainGroup = 7417EE501D11A61D00B7895D;
			productRefGroup = 7417EE5A1D11A61D00B7895D /* Products */;
			projectDirPath = "";
			projectRoot = "";
			targets = (
				7417EE581D11A61D00B7895D /* MathAvengers */,
			);
		};
/* End PBXProject section */

/* Begin PBXResourcesBuildPhase section */
		7417EE571D11A61D00B7895D /* Resources */ = {
			isa = PBXResourcesBuildPhase;
			buildActionMask = 2147483647;
			files = (
				7417EE6A1D11A61D00B7895D /* LaunchScreen.storyboard in Resources */,
				7417EE671D11A61D00B7895D /* Assets.xcassets in Resources */,
				7417EE621D11A61D00B7895D /* Main.storyboard in Resources */,
			);
			runOnlyForDeploymentPostprocessing = 0;
		};
/* End PBXResourcesBuildPhase section */

/* Begin PBXSourcesBuildPhase section */
		7417EE551D11A61D00B7895D /* Sources */ = {
			isa = PBXSourcesBuildPhase;
			buildActionMask = 2147483647;
			files = (
				7417EE721D120CCA00B7895D /* MainViewController.swift in Sources */,
				7417EE781D12F90A00B7895D /* Util.swift in Sources */,
				7417EE761D12D7F500B7895D /* QuestionViewController.swift in Sources */,
				7417EE651D11A61D00B7895D /* MathAvengers.xcdatamodeld in Sources */,
				7417EE741D120D3B00B7895D /* LevelTableViewCell.swift in Sources */,
				7417EE5D1D11A61D00B7895D /* AppDelegate.swift in Sources */,
			);
			runOnlyForDeploymentPostprocessing = 0;
		};
/* End PBXSourcesBuildPhase section */

/* Begin PBXVariantGroup section */
		7417EE601D11A61D00B7895D /* Main.storyboard */ = {
			isa = PBXVariantGroup;
			children = (
				7417EE611D11A61D00B7895D /* Base */,
			);
			name = Main.storyboard;
			sourceTree = "<group>";
		};
		7417EE681D11A61D00B7895D /* LaunchScreen.storyboard */ = {
			isa = PBXVariantGroup;
			children = (
				7417EE691D11A61D00B7895D /* Base */,
			);
			name = LaunchScreen.storyboard;
			sourceTree = "<group>";
		};
/* End PBXVariantGroup section */

/* Begin XCBuildConfiguration section */
		7417EE6C1D11A61D00B7895D /* Debug */ = {
			isa = XCBuildConfiguration;
			buildSettings = {
				ALWAYS_SEARCH_USER_PATHS = NO;
				CLANG_ANALYZER_NONNULL = YES;
				CLANG_CXX_LANGUAGE_STANDARD = "gnu++0x";
				CLANG_CXX_LIBRARY = "libc++";
				CLANG_ENABLE_MODULES = YES;
				CLANG_ENABLE_OBJC_ARC = YES;
				CLANG_WARN_BOOL_CONVERSION = YES;
				CLANG_WARN_CONSTANT_CONVERSION = YES;
				CLANG_WARN_DIRECT_OBJC_ISA_USAGE = YES_ERROR;
				CLANG_WARN_EMPTY_BODY = YES;
				CLANG_WARN_ENUM_CONVERSION = YES;
				CLANG_WARN_INT_CONVERSION = YES;
				CLANG_WARN_OBJC_ROOT_CLASS = YES_ERROR;
				CLANG_WARN_UNREACHABLE_CODE = YES;
				CLANG_WARN__DUPLICATE_METHOD_MATCH = YES;
				"CODE_SIGN_IDENTITY[sdk=iphoneos*]" = "iPhone Developer";
				COPY_PHASE_STRIP = NO;
				DEBUG_INFORMATION_FORMAT = dwarf;
				ENABLE_STRICT_OBJC_MSGSEND = YES;
				ENABLE_TESTABILITY = YES;
				GCC_C_LANGUAGE_STANDARD = gnu99;
				GCC_DYNAMIC_NO_PIC = NO;
				GCC_NO_COMMON_BLOCKS = YES;
				GCC_OPTIMIZATION_LEVEL = 0;
				GCC_PREPROCESSOR_DEFINITIONS = (
					"DEBUG=1",
					"$(inherited)",
				);
				GCC_WARN_64_TO_32_BIT_CONVERSION = YES;
				GCC_WARN_ABOUT_RETURN_TYPE = YES_ERROR;
				GCC_WARN_UNDECLARED_SELECTOR = YES;
				GCC_WARN_UNINITIALIZED_AUTOS = YES_AGGRESSIVE;
				GCC_WARN_UNUSED_FUNCTION = YES;
				GCC_WARN_UNUSED_VARIABLE = YES;
				IPHONEOS_DEPLOYMENT_TARGET = 9.3;
				MTL_ENABLE_DEBUG_INFO = YES;
				ONLY_ACTIVE_ARCH = YES;
				SDKROOT = iphoneos;
				SWIFT_OPTIMIZATION_LEVEL = "-Onone";
				TARGETED_DEVICE_FAMILY = "1,2";
			};
			name = Debug;
		};
		7417EE6D1D11A61D00B7895D /* Release */ = {
			isa = XCBuildConfiguration;
			buildSettings = {
				ALWAYS_SEARCH_USER_PATHS = NO;
				CLANG_ANALYZER_NONNULL = YES;
				CLANG_CXX_LANGUAGE_STANDARD = "gnu++0x";
				CLANG_CXX_LIBRARY = "libc++";
				CLANG_ENABLE_MODULES = YES;
				CLANG_ENABLE_OBJC_ARC = YES;
				CLANG_WARN_BOOL_CONVERSION = YES;
				CLANG_WARN_CONSTANT_CONVERSION = YES;
				CLANG_WARN_DIRECT_OBJC_ISA_USAGE = YES_ERROR;
				CLANG_WARN_EMPTY_BODY = YES;
				CLANG_WARN_ENUM_CONVERSION = YES;
				CLANG_WARN_INT_CONVERSION = YES;
				CLANG_WARN_OBJC_ROOT_CLASS = YES_ERROR;
				CLANG_WARN_UNREACHABLE_CODE = YES;
				CLANG_WARN__DUPLICATE_METHOD_MATCH = YES;
				"CODE_SIGN_IDENTITY[sdk=iphoneos*]" = "iPhone Developer";
				COPY_PHASE_STRIP = NO;
				DEBUG_INFORMATION_FORMAT = "dwarf-with-dsym";
				ENABLE_NS_ASSERTIONS = NO;
				ENABLE_STRICT_OBJC_MSGSEND = YES;
				GCC_C_LANGUAGE_STANDARD = gnu99;
				GCC_NO_COMMON_BLOCKS = YES;
				GCC_WARN_64_TO_32_BIT_CONVERSION = YES;
				GCC_WARN_ABOUT_RETURN_TYPE = YES_ERROR;
				GCC_WARN_UNDECLARED_SELECTOR = YES;
				GCC_WARN_UNINITIALIZED_AUTOS = YES_AGGRESSIVE;
				GCC_WARN_UNUSED_FUNCTION = YES;
				GCC_WARN_UNUSED_VARIABLE = YES;
				IPHONEOS_DEPLOYMENT_TARGET = 9.3;
				MTL_ENABLE_DEBUG_INFO = NO;
				SDKROOT = iphoneos;
				TARGETED_DEVICE_FAMILY = "1,2";
				VALIDATE_PRODUCT = YES;
			};
			name = Release;
		};
		7417EE6F1D11A61D00B7895D /* Debug */ = {
			isa = XCBuildConfiguration;
			buildSettings = {
				ASSETCATALOG_COMPILER_APPICON_NAME = AppIcon;
				INFOPLIST_FILE = MathAvengers/Info.plist;
				LD_RUNPATH_SEARCH_PATHS = "$(inherited) @executable_path/Frameworks";
				PRODUCT_BUNDLE_IDENTIFIER = com.songahbie.MathAvengers;
				PRODUCT_NAME = "$(TARGET_NAME)";
			};
			name = Debug;
		};
		7417EE701D11A61D00B7895D /* Release */ = {
			isa = XCBuildConfiguration;
			buildSettings = {
				ASSETCATALOG_COMPILER_APPICON_NAME = AppIcon;
				INFOPLIST_FILE = MathAvengers/Info.plist;
				LD_RUNPATH_SEARCH_PATHS = "$(inherited) @executable_path/Frameworks";
				PRODUCT_BUNDLE_IDENTIFIER = com.songahbie.MathAvengers;
				PRODUCT_NAME = "$(TARGET_NAME)";
			};
			name = Release;
		};
/* End XCBuildConfiguration section */

/* Begin XCConfigurationList section */
		7417EE541D11A61D00B7895D /* Build configuration list for PBXProject "MathAvengers" */ = {
			isa = XCConfigurationList;
			buildConfigurations = (
				7417EE6C1D11A61D00B7895D /* Debug */,
				7417EE6D1D11A61D00B7895D /* Release */,
			);
			defaultConfigurationIsVisible = 0;
			defaultConfigurationName = Release;
		};
		7417EE6E1D11A61D00B7895D /* Build configuration list for PBXNativeTarget "MathAvengers" */ = {
			isa = XCConfigurationList;
			buildConfigurations = (
				7417EE6F1D11A61D00B7895D /* Debug */,
				7417EE701D11A61D00B7895D /* Release */,
			);
			defaultConfigurationIsVisible = 0;
		};
/* End XCConfigurationList section */

/* Begin XCVersionGroup section */
		7417EE631D11A61D00B7895D /* MathAvengers.xcdatamodeld */ = {
			isa = XCVersionGroup;
			children = (
				7417EE641D11A61D00B7895D /* MathAvengers.xcdatamodel */,
			);
			currentVersion = 7417EE641D11A61D00B7895D /* MathAvengers.xcdatamodel */;
			path = MathAvengers.xcdatamodeld;
			sourceTree = "<group>";
			versionGroupType = wrapper.xcdatamodel;
		};
/* End XCVersionGroup section */
	};
	rootObject = 7417EE511D11A61D00B7895D /* Project object */;
}
